{
  "name": "@darkbearsam/custom_printer",
  "version": "0.1.1",
  "lockfileVersion": 2,
  "requires": true,
  "packages": {
    "": {
      "name": "@darkbearsam/custom_printer",
      "version": "0.1.1",
      "license": "ISC",
      "dependencies": {
        "@darkbearsam/custom_printer": "file:"
      }
    },
    "node_modules/@darkbearsam/custom_printer": {
      "resolved": "",
      "link": true
    }
  },
  "dependencies": {
    "@darkbearsam/custom_printer": {
      "version": "file:",
      "requires": {
        "@darkbearsam/custom_printer": "file:"
      }
    }
  }
}
